
Microsoft Visual Studio Solution File, Format Version 12.00
# Visual Studio Version 17
VisualStudioVersion = 17.1.32210.238
MinimumVisualStudioVersion = 10.0.40219.1
Project("{FAE04EC0-301F-11D3-BF4B-00C04F79EFBC}") = "linkedlist.uc1", "linkedlist.uc1.csproj", "{26AA7C00-AFD6-4089-87DE-460F44EFCBDD}"
EndProject
Global
	GlobalSection(SolutionConfigurationPlatforms) = preSolution
		Debug|Any CPU = Debug|Any CPU
		Release|Any CPU = Release|Any CPU
	EndGlobalSection
	GlobalSection(ProjectConfigurationPlatforms) = postSolution
		{26AA7C00-AFD6-4089-87DE-460F44EFCBDD}.Debug|Any CPU.ActiveCfg = Debug|Any CPU
		{26AA7C00-AFD6-4089-87DE-460F44EFCBDD}.Debug|Any CPU.Build.0 = Debug|Any CPU
		{26AA7C00-AFD6-4089-87DE-460F44EFCBDD}.Release|Any CPU.ActiveCfg = Release|Any CPU
		{26AA7C00-AFD6-4089-87DE-460F44EFCBDD}.Release|Any CPU.Build.0 = Release|Any CPU
	EndGlobalSection
	GlobalSection(SolutionProperties) = preSolution
		HideSolutionNode = FALSE
	EndGlobalSection
	GlobalSection(ExtensibilityGlobals) = postSolution
		SolutionGuid = {347F7B60-C719-4014-8BFB-C6A9D488082B}
	EndGlobalSection
EndGlobal
